// !$*UTF8*$!
{
	archiveVersion = 1;
	classes = {
	};
	objectVersion = 56;
	objects = {

/* Begin PBXBuildFile section */
		39DF784D2CEDB6BB004B8244 /* AppDelegate.swift in Sources */ = {isa = PBXBuildFile; fileRef = 39DF784C2CEDB6BB004B8244 /* AppDelegate.swift */; };
		39DF784F2CEDB6BB004B8244 /* SceneDelegate.swift in Sources */ = {isa = PBXBuildFile; fileRef = 39DF784E2CEDB6BB004B8244 /* SceneDelegate.swift */; };
		39DF78562CEDB6BE004B8244 /* Assets.xcassets in Resources */ = {isa = PBXBuildFile; fileRef = 39DF78552CEDB6BE004B8244 /* Assets.xcassets */; };
		39DF78592CEDB6BE004B8244 /* Base in Resources */ = {isa = PBXBuildFile; fileRef = 39DF78582CEDB6BE004B8244 /* Base */; };
		39DF78612CEDBC0A004B8244 /* DataModel.swift in Sources */ = {isa = PBXBuildFile; fileRef = 39DF78602CEDBC0A004B8244 /* DataModel.swift */; };
		577D19B52D045F82006BBB80 /* OnboardingViewController.swift in Sources */ = {isa = PBXBuildFile; fileRef = 577D19B42D045F82006BBB80 /* OnboardingViewController.swift */; };
		577D19B72D046039006BBB80 /* WelcomePageViewController.swift in Sources */ = {isa = PBXBuildFile; fileRef = 577D19B62D046039006BBB80 /* WelcomePageViewController.swift */; };
		577D19B92D04604A006BBB80 /* OptionsPageViewController.swift in Sources */ = {isa = PBXBuildFile; fileRef = 577D19B82D04604A006BBB80 /* OptionsPageViewController.swift */; };
		577D19BB2D04605D006BBB80 /* WellbeingPageViewController.swift in Sources */ = {isa = PBXBuildFile; fileRef = 577D19BA2D04605D006BBB80 /* WellbeingPageViewController.swift */; };
		577D19BD2D046074006BBB80 /* Page4ViewController.swift in Sources */ = {isa = PBXBuildFile; fileRef = 577D19BC2D046074006BBB80 /* Page4ViewController.swift */; };
		577D19BF2D06BA60006BBB80 /* GetStartedPageViewController.swift in Sources */ = {isa = PBXBuildFile; fileRef = 577D19BE2D06BA60006BBB80 /* GetStartedPageViewController.swift */; };
		577D19C12D07202C006BBB80 /* File.swift in Sources */ = {isa = PBXBuildFile; fileRef = 577D19C02D07202C006BBB80 /* File.swift */; };
		577D19C32D0728FB006BBB80 /* TabBarController.swift in Sources */ = {isa = PBXBuildFile; fileRef = 577D19C22D0728FB006BBB80 /* TabBarController.swift */; };
		577D19C72D074F25006BBB80 /* ServicesViewController.swift in Sources */ = {isa = PBXBuildFile; fileRef = 577D19C62D074F25006BBB80 /* ServicesViewController.swift */; };
		57D977C12CEDE4DA004B1314 /* LocationPromptViewController.swift in Sources */ = {isa = PBXBuildFile; fileRef = 57D977C02CEDE4DA004B1314 /* LocationPromptViewController.swift */; };
		57D977C32CEDE9FC004B1314 /* MapSearchViewController.swift in Sources */ = {isa = PBXBuildFile; fileRef = 57D977C22CEDE9FC004B1314 /* MapSearchViewController.swift */; };
		57D977C52CEE5DA8004B1314 /* HomeViewController.swift in Sources */ = {isa = PBXBuildFile; fileRef = 57D977C42CEE5DA8004B1314 /* HomeViewController.swift */; };
		57D977C72CEEF786004B1314 /* BannerCell.swift in Sources */ = {isa = PBXBuildFile; fileRef = 57D977C62CEEF786004B1314 /* BannerCell.swift */; };
		57D977CB2CEF19FD004B1314 /* SignupViewController.swift in Sources */ = {isa = PBXBuildFile; fileRef = 57D977CA2CEF19FD004B1314 /* SignupViewController.swift */; };
		57D977CD2CEF1A1B004B1314 /* LoginViewController.swift in Sources */ = {isa = PBXBuildFile; fileRef = 57D977CC2CEF1A1B004B1314 /* LoginViewController.swift */; };
/* End PBXBuildFile section */

/* Begin PBXFileReference section */
		39DF78492CEDB6BB004B8244 /* Niramaya.app */ = {isa = PBXFileReference; explicitFileType = wrapper.application; includeInIndex = 0; path = Niramaya.app; sourceTree = BUILT_PRODUCTS_DIR; };
		39DF784C2CEDB6BB004B8244 /* AppDelegate.swift */ = {isa = PBXFileReference; lastKnownFileType = sourcecode.swift; path = AppDelegate.swift; sourceTree = "<group>"; };
		39DF784E2CEDB6BB004B8244 /* SceneDelegate.swift */ = {isa = PBXFileReference; lastKnownFileType = sourcecode.swift; path = SceneDelegate.swift; sourceTree = "<group>"; };
		39DF78552CEDB6BE004B8244 /* Assets.xcassets */ = {isa = PBXFileReference; lastKnownFileType = folder.assetcatalog; path = Assets.xcassets; sourceTree = "<group>"; };
		39DF78582CEDB6BE004B8244 /* Base */ = {isa = PBXFileReference; lastKnownFileType = file.storyboard; name = Base; path = Base.lproj/LaunchScreen.storyboard; sourceTree = "<group>"; };
		39DF785A2CEDB6BE004B8244 /* Info.plist */ = {isa = PBXFileReference; lastKnownFileType = text.plist.xml; path = Info.plist; sourceTree = "<group>"; };
		39DF78602CEDBC0A004B8244 /* DataModel.swift */ = {isa = PBXFileReference; lastKnownFileType = sourcecode.swift; path = DataModel.swift; sourceTree = "<group>"; };
		577D19B42D045F82006BBB80 /* OnboardingViewController.swift */ = {isa = PBXFileReference; lastKnownFileType = sourcecode.swift; path = OnboardingViewController.swift; sourceTree = "<group>"; };
		577D19B62D046039006BBB80 /* WelcomePageViewController.swift */ = {isa = PBXFileReference; lastKnownFileType = sourcecode.swift; path = WelcomePageViewController.swift; sourceTree = "<group>"; };
		577D19B82D04604A006BBB80 /* OptionsPageViewController.swift */ = {isa = PBXFileReference; lastKnownFileType = sourcecode.swift; path = OptionsPageViewController.swift; sourceTree = "<group>"; };
		577D19BA2D04605D006BBB80 /* WellbeingPageViewController.swift */ = {isa = PBXFileReference; lastKnownFileType = sourcecode.swift; path = WellbeingPageViewController.swift; sourceTree = "<group>"; };
		577D19BC2D046074006BBB80 /* Page4ViewController.swift */ = {isa = PBXFileReference; lastKnownFileType = sourcecode.swift; path = Page4ViewController.swift; sourceTree = "<group>"; };
		577D19BE2D06BA60006BBB80 /* GetStartedPageViewController.swift */ = {isa = PBXFileReference; lastKnownFileType = sourcecode.swift; path = GetStartedPageViewController.swift; sourceTree = "<group>"; };
		577D19C02D07202C006BBB80 /* File.swift */ = {isa = PBXFileReference; lastKnownFileType = sourcecode.swift; path = File.swift; sourceTree = "<group>"; };
		577D19C22D0728FB006BBB80 /* TabBarController.swift */ = {isa = PBXFileReference; lastKnownFileType = sourcecode.swift; path = TabBarController.swift; sourceTree = "<group>"; };
		577D19C62D074F25006BBB80 /* ServicesViewController.swift */ = {isa = PBXFileReference; lastKnownFileType = sourcecode.swift; path = ServicesViewController.swift; sourceTree = "<group>"; };
		57D977C02CEDE4DA004B1314 /* LocationPromptViewController.swift */ = {isa = PBXFileReference; lastKnownFileType = sourcecode.swift; path = LocationPromptViewController.swift; sourceTree = "<group>"; };
		57D977C22CEDE9FC004B1314 /* MapSearchViewController.swift */ = {isa = PBXFileReference; lastKnownFileType = sourcecode.swift; path = MapSearchViewController.swift; sourceTree = "<group>"; };
		57D977C42CEE5DA8004B1314 /* HomeViewController.swift */ = {isa = PBXFileReference; lastKnownFileType = sourcecode.swift; path = HomeViewController.swift; sourceTree = "<group>"; };
		57D977C62CEEF786004B1314 /* BannerCell.swift */ = {isa = PBXFileReference; lastKnownFileType = sourcecode.swift; path = BannerCell.swift; sourceTree = "<group>"; };
		57D977CA2CEF19FD004B1314 /* SignupViewController.swift */ = {isa = PBXFileReference; lastKnownFileType = sourcecode.swift; path = SignupViewController.swift; sourceTree = "<group>"; };
		57D977CC2CEF1A1B004B1314 /* LoginViewController.swift */ = {isa = PBXFileReference; lastKnownFileType = sourcecode.swift; path = LoginViewController.swift; sourceTree = "<group>"; };
/* End PBXFileReference section */

/* Begin PBXFrameworksBuildPhase section */
		39DF78462CEDB6BB004B8244 /* Frameworks */ = {
			isa = PBXFrameworksBuildPhase;
			buildActionMask = 2147483647;
			files = (
			);
			runOnlyForDeploymentPostprocessing = 0;
		};
/* End PBXFrameworksBuildPhase section */

/* Begin PBXGroup section */
		39DF78402CEDB6BB004B8244 = {
			isa = PBXGroup;
			children = (
				39DF784B2CEDB6BB004B8244 /* Niramaya */,
				39DF784A2CEDB6BB004B8244 /* Products */,
			);
			sourceTree = "<group>";
		};
		39DF784A2CEDB6BB004B8244 /* Products */ = {
			isa = PBXGroup;
			children = (
				39DF78492CEDB6BB004B8244 /* Niramaya.app */,
			);
			name = Products;
			sourceTree = "<group>";
		};
		39DF784B2CEDB6BB004B8244 /* Niramaya */ = {
			isa = PBXGroup;
			children = (
				577D19C52D074F0C006BBB80 /* Services */,
				577D19B32D045F55006BBB80 /* OnBoarding */,
				39DF784C2CEDB6BB004B8244 /* AppDelegate.swift */,
				39DF784E2CEDB6BB004B8244 /* SceneDelegate.swift */,
				39DF78602CEDBC0A004B8244 /* DataModel.swift */,
				39DF78552CEDB6BE004B8244 /* Assets.xcassets */,
				39DF78572CEDB6BE004B8244 /* LaunchScreen.storyboard */,
				39DF785A2CEDB6BE004B8244 /* Info.plist */,
				57D977C02CEDE4DA004B1314 /* LocationPromptViewController.swift */,
				57D977C22CEDE9FC004B1314 /* MapSearchViewController.swift */,
				57D977C42CEE5DA8004B1314 /* HomeViewController.swift */,
				577D19C02D07202C006BBB80 /* File.swift */,
				57D977C62CEEF786004B1314 /* BannerCell.swift */,
				57D977CA2CEF19FD004B1314 /* SignupViewController.swift */,
				57D977CC2CEF1A1B004B1314 /* LoginViewController.swift */,
				577D19C22D0728FB006BBB80 /* TabBarController.swift */,
			);
			path = Niramaya;
			sourceTree = "<group>";
		};
		577D19B32D045F55006BBB80 /* OnBoarding */ = {
			isa = PBXGroup;
			children = (
				577D19B42D045F82006BBB80 /* OnboardingViewController.swift */,
				577D19B82D04604A006BBB80 /* OptionsPageViewController.swift */,
				577D19BA2D04605D006BBB80 /* WellbeingPageViewController.swift */,
				577D19BC2D046074006BBB80 /* Page4ViewController.swift */,
				577D19B62D046039006BBB80 /* WelcomePageViewController.swift */,
				577D19BE2D06BA60006BBB80 /* GetStartedPageViewController.swift */,
			);
			path = OnBoarding;
			sourceTree = "<group>";
		};
		577D19C52D074F0C006BBB80 /* Services */ = {
			isa = PBXGroup;
			children = (
				577D19C62D074F25006BBB80 /* ServicesViewController.swift */,
			);
			path = Services;
			sourceTree = "<group>";
		};
/* End PBXGroup section */

/* Begin PBXNativeTarget section */
		39DF78482CEDB6BB004B8244 /* Niramaya */ = {
			isa = PBXNativeTarget;
			buildConfigurationList = 39DF785D2CEDB6BE004B8244 /* Build configuration list for PBXNativeTarget "Niramaya" */;
			buildPhases = (
				39DF78452CEDB6BB004B8244 /* Sources */,
				39DF78462CEDB6BB004B8244 /* Frameworks */,
				39DF78472CEDB6BB004B8244 /* Resources */,
			);
			buildRules = (
			);
			dependencies = (
			);
			name = Niramaya;
			productName = Niramaya;
			productReference = 39DF78492CEDB6BB004B8244 /* Niramaya.app */;
			productType = "com.apple.product-type.application";
		};
/* End PBXNativeTarget section */

/* Begin PBXProject section */
		39DF78412CEDB6BB004B8244 /* Project object */ = {
			isa = PBXProject;
			attributes = {
				BuildIndependentTargetsInParallel = 1;
				LastSwiftUpdateCheck = 1540;
				LastUpgradeCheck = 1540;
				TargetAttributes = {
					39DF78482CEDB6BB004B8244 = {
						CreatedOnToolsVersion = 15.4;
					};
				};
			};
			buildConfigurationList = 39DF78442CEDB6BB004B8244 /* Build configuration list for PBXProject "Niramaya" */;
			compatibilityVersion = "Xcode 14.0";
			developmentRegion = en;
			hasScannedForEncodings = 0;
			knownRegions = (
				en,
				Base,
			);
			mainGroup = 39DF78402CEDB6BB004B8244;
			productRefGroup = 39DF784A2CEDB6BB004B8244 /* Products */;
			projectDirPath = "";
			projectRoot = "";
			targets = (
				39DF78482CEDB6BB004B8244 /* Niramaya */,
			);
		};
/* End PBXProject section */

/* Begin PBXResourcesBuildPhase section */
		39DF78472CEDB6BB004B8244 /* Resources */ = {
			isa = PBXResourcesBuildPhase;
			buildActionMask = 2147483647;
			files = (
				39DF78562CEDB6BE004B8244 /* Assets.xcassets in Resources */,
				39DF78592CEDB6BE004B8244 /* Base in Resources */,
			);
			runOnlyForDeploymentPostprocessing = 0;
		};
/* End PBXResourcesBuildPhase section */

/* Begin PBXSourcesBuildPhase section */
		39DF78452CEDB6BB004B8244 /* Sources */ = {
			isa = PBXSourcesBuildPhase;
			buildActionMask = 2147483647;
			files = (
				57D977CD2CEF1A1B004B1314 /* LoginViewController.swift in Sources */,
				57D977CB2CEF19FD004B1314 /* SignupViewController.swift in Sources */,
				57D977C72CEEF786004B1314 /* BannerCell.swift in Sources */,
				57D977C32CEDE9FC004B1314 /* MapSearchViewController.swift in Sources */,
				39DF78612CEDBC0A004B8244 /* DataModel.swift in Sources */,
				577D19C12D07202C006BBB80 /* File.swift in Sources */,
				577D19C72D074F25006BBB80 /* ServicesViewController.swift in Sources */,
				577D19C32D0728FB006BBB80 /* TabBarController.swift in Sources */,
				57D977C12CEDE4DA004B1314 /* LocationPromptViewController.swift in Sources */,
				39DF784D2CEDB6BB004B8244 /* AppDelegate.swift in Sources */,
				577D19B52D045F82006BBB80 /* OnboardingViewController.swift in Sources */,
				577D19BF2D06BA60006BBB80 /* GetStartedPageViewController.swift in Sources */,
				577D19BD2D046074006BBB80 /* Page4ViewController.swift in Sources */,
				57D977C52CEE5DA8004B1314 /* HomeViewController.swift in Sources */,
				577D19BB2D04605D006BBB80 /* WellbeingPageViewController.swift in Sources */,
				577D19B72D046039006BBB80 /* WelcomePageViewController.swift in Sources */,
				577D19B92D04604A006BBB80 /* OptionsPageViewController.swift in Sources */,
				39DF784F2CEDB6BB004B8244 /* SceneDelegate.swift in Sources */,
			);
			runOnlyForDeploymentPostprocessing = 0;
		};
/* End PBXSourcesBuildPhase section */

/* Begin PBXVariantGroup section */
		39DF78572CEDB6BE004B8244 /* LaunchScreen.storyboard */ = {
			isa = PBXVariantGroup;
			children = (
				39DF78582CEDB6BE004B8244 /* Base */,
			);
			name = LaunchScreen.storyboard;
			sourceTree = "<group>";
		};
/* End PBXVariantGroup section */

/* Begin XCBuildConfiguration section */
		39DF785B2CEDB6BE004B8244 /* Debug */ = {
			isa = XCBuildConfiguration;
			buildSettings = {
				ALWAYS_SEARCH_USER_PATHS = NO;
				ASSETCATALOG_COMPILER_GENERATE_SWIFT_ASSET_SYMBOL_EXTENSIONS = YES;
				CLANG_ANALYZER_NONNULL = YES;
				CLANG_ANALYZER_NUMBER_OBJECT_CONVERSION = YES_AGGRESSIVE;
				CLANG_CXX_LANGUAGE_STANDARD = "gnu++20";
				CLANG_ENABLE_MODULES = YES;
				CLANG_ENABLE_OBJC_ARC = YES;
				CLANG_ENABLE_OBJC_WEAK = YES;
				CLANG_WARN_BLOCK_CAPTURE_AUTORELEASING = YES;
				CLANG_WARN_BOOL_CONVERSION = YES;
				CLANG_WARN_COMMA = YES;
				CLANG_WARN_CONSTANT_CONVERSION = YES;
				CLANG_WARN_DEPRECATED_OBJC_IMPLEMENTATIONS = YES;
				CLANG_WARN_DIRECT_OBJC_ISA_USAGE = YES_ERROR;
				CLANG_WARN_DOCUMENTATION_COMMENTS = YES;
				CLANG_WARN_EMPTY_BODY = YES;
				CLANG_WARN_ENUM_CONVERSION = YES;
				CLANG_WARN_INFINITE_RECURSION = YES;
				CLANG_WARN_INT_CONVERSION = YES;
				CLANG_WARN_NON_LITERAL_NULL_CONVERSION = YES;
				CLANG_WARN_OBJC_IMPLICIT_RETAIN_SELF = YES;
				CLANG_WARN_OBJC_LITERAL_CONVERSION = YES;
				CLANG_WARN_OBJC_ROOT_CLASS = YES_ERROR;
				CLANG_WARN_QUOTED_INCLUDE_IN_FRAMEWORK_HEADER = YES;
				CLANG_WARN_RANGE_LOOP_ANALYSIS = YES;
				CLANG_WARN_STRICT_PROTOTYPES = YES;
				CLANG_WARN_SUSPICIOUS_MOVE = YES;
				CLANG_WARN_UNGUARDED_AVAILABILITY = YES_AGGRESSIVE;
				CLANG_WARN_UNREACHABLE_CODE = YES;
				CLANG_WARN__DUPLICATE_METHOD_MATCH = YES;
				COPY_PHASE_STRIP = NO;
				DEBUG_INFORMATION_FORMAT = dwarf;
				ENABLE_STRICT_OBJC_MSGSEND = YES;
				ENABLE_TESTABILITY = YES;
				ENABLE_USER_SCRIPT_SANDBOXING = YES;
				GCC_C_LANGUAGE_STANDARD = gnu17;
				GCC_DYNAMIC_NO_PIC = NO;
				GCC_NO_COMMON_BLOCKS = YES;
				GCC_OPTIMIZATION_LEVEL = 0;
				GCC_PREPROCESSOR_DEFINITIONS = (
					"DEBUG=1",
					"$(inherited)",
				);
				GCC_WARN_64_TO_32_BIT_CONVERSION = YES;
				GCC_WARN_ABOUT_RETURN_TYPE = YES_ERROR;
				GCC_WARN_UNDECLARED_SELECTOR = YES;
				GCC_WARN_UNINITIALIZED_AUTOS = YES_AGGRESSIVE;
				GCC_WARN_UNUSED_FUNCTION = YES;
				GCC_WARN_UNUSED_VARIABLE = YES;
				IPHONEOS_DEPLOYMENT_TARGET = 17.5;
				LOCALIZATION_PREFERS_STRING_CATALOGS = YES;
				MTL_ENABLE_DEBUG_INFO = INCLUDE_SOURCE;
				MTL_FAST_MATH = YES;
				ONLY_ACTIVE_ARCH = YES;
				SDKROOT = iphoneos;
				SWIFT_ACTIVE_COMPILATION_CONDITIONS = "DEBUG $(inherited)";
				SWIFT_OPTIMIZATION_LEVEL = "-Onone";
			};
			name = Debug;
		};
		39DF785C2CEDB6BE004B8244 /* Release */ = {
			isa = XCBuildConfiguration;
			buildSettings = {
				ALWAYS_SEARCH_USER_PATHS = NO;
				ASSETCATALOG_COMPILER_GENERATE_SWIFT_ASSET_SYMBOL_EXTENSIONS = YES;
				CLANG_ANALYZER_NONNULL = YES;
				CLANG_ANALYZER_NUMBER_OBJECT_CONVERSION = YES_AGGRESSIVE;
				CLANG_CXX_LANGUAGE_STANDARD = "gnu++20";
				CLANG_ENABLE_MODULES = YES;
				CLANG_ENABLE_OBJC_ARC = YES;
				CLANG_ENABLE_OBJC_WEAK = YES;
				CLANG_WARN_BLOCK_CAPTURE_AUTORELEASING = YES;
				CLANG_WARN_BOOL_CONVERSION = YES;
				CLANG_WARN_COMMA = YES;
				CLANG_WARN_CONSTANT_CONVERSION = YES;
				CLANG_WARN_DEPRECATED_OBJC_IMPLEMENTATIONS = YES;
				CLANG_WARN_DIRECT_OBJC_ISA_USAGE = YES_ERROR;
				CLANG_WARN_DOCUMENTATION_COMMENTS = YES;
				CLANG_WARN_EMPTY_BODY = YES;
				CLANG_WARN_ENUM_CONVERSION = YES;
				CLANG_WARN_INFINITE_RECURSION = YES;
				CLANG_WARN_INT_CONVERSION = YES;
				CLANG_WARN_NON_LITERAL_NULL_CONVERSION = YES;
				CLANG_WARN_OBJC_IMPLICIT_RETAIN_SELF = YES;
				CLANG_WARN_OBJC_LITERAL_CONVERSION = YES;
				CLANG_WARN_OBJC_ROOT_CLASS = YES_ERROR;
				CLANG_WARN_QUOTED_INCLUDE_IN_FRAMEWORK_HEADER = YES;
				CLANG_WARN_RANGE_LOOP_ANALYSIS = YES;
				CLANG_WARN_STRICT_PROTOTYPES = YES;
				CLANG_WARN_SUSPICIOUS_MOVE = YES;
				CLANG_WARN_UNGUARDED_AVAILABILITY = YES_AGGRESSIVE;
				CLANG_WARN_UNREACHABLE_CODE = YES;
				CLANG_WARN__DUPLICATE_METHOD_MATCH = YES;
				COPY_PHASE_STRIP = NO;
				DEBUG_INFORMATION_FORMAT = "dwarf-with-dsym";
				ENABLE_NS_ASSERTIONS = NO;
				ENABLE_STRICT_OBJC_MSGSEND = YES;
				ENABLE_USER_SCRIPT_SANDBOXING = YES;
				GCC_C_LANGUAGE_STANDARD = gnu17;
				GCC_NO_COMMON_BLOCKS = YES;
				GCC_WARN_64_TO_32_BIT_CONVERSION = YES;
				GCC_WARN_ABOUT_RETURN_TYPE = YES_ERROR;
				GCC_WARN_UNDECLARED_SELECTOR = YES;
				GCC_WARN_UNINITIALIZED_AUTOS = YES_AGGRESSIVE;
				GCC_WARN_UNUSED_FUNCTION = YES;
				GCC_WARN_UNUSED_VARIABLE = YES;
				IPHONEOS_DEPLOYMENT_TARGET = 17.5;
				LOCALIZATION_PREFERS_STRING_CATALOGS = YES;
				MTL_ENABLE_DEBUG_INFO = NO;
				MTL_FAST_MATH = YES;
				SDKROOT = iphoneos;
				SWIFT_COMPILATION_MODE = wholemodule;
				VALIDATE_PRODUCT = YES;
			};
			name = Release;
		};
		39DF785E2CEDB6BE004B8244 /* Debug */ = {
			isa = XCBuildConfiguration;
			buildSettings = {
				ASSETCATALOG_COMPILER_APPICON_NAME = AppIcon;
				ASSETCATALOG_COMPILER_GLOBAL_ACCENT_COLOR_NAME = AccentColor;
				CODE_SIGN_STYLE = Automatic;
				CURRENT_PROJECT_VERSION = 1;
				DEVELOPMENT_TEAM = YFY6QY43LP;
				GENERATE_INFOPLIST_FILE = YES;
				INFOPLIST_FILE = Niramaya/Info.plist;
				INFOPLIST_KEY_UIApplicationSupportsIndirectInputEvents = YES;
				INFOPLIST_KEY_UILaunchStoryboardName = LaunchScreen;
				INFOPLIST_KEY_UISupportedInterfaceOrientations_iPad = "UIInterfaceOrientationPortrait UIInterfaceOrientationPortraitUpsideDown UIInterfaceOrientationLandscapeLeft UIInterfaceOrientationLandscapeRight";
				INFOPLIST_KEY_UISupportedInterfaceOrientations_iPhone = "UIInterfaceOrientationPortrait UIInterfaceOrientationLandscapeLeft UIInterfaceOrientationLandscapeRight";
				LD_RUNPATH_SEARCH_PATHS = (
					"$(inherited)",
					"@executable_path/Frameworks",
				);
				MARKETING_VERSION = 1.0;
				PRODUCT_BUNDLE_IDENTIFIER = com.example.Niramaya;
				PRODUCT_NAME = "$(TARGET_NAME)";
				SWIFT_EMIT_LOC_STRINGS = YES;
				SWIFT_VERSION = 5.0;
				TARGETED_DEVICE_FAMILY = "1,2";
			};
			name = Debug;
		};
		39DF785F2CEDB6BE004B8244 /* Release */ = {
			isa = XCBuildConfiguration;
			buildSettings = {
				ASSETCATALOG_COMPILER_APPICON_NAME = AppIcon;
				ASSETCATALOG_COMPILER_GLOBAL_ACCENT_COLOR_NAME = AccentColor;
				CODE_SIGN_STYLE = Automatic;
				CURRENT_PROJECT_VERSION = 1;
				DEVELOPMENT_TEAM = YFY6QY43LP;
				GENERATE_INFOPLIST_FILE = YES;
				INFOPLIST_FILE = Niramaya/Info.plist;
				INFOPLIST_KEY_UIApplicationSupportsIndirectInputEvents = YES;
				INFOPLIST_KEY_UILaunchStoryboardName = LaunchScreen;
				INFOPLIST_KEY_UISupportedInterfaceOrientations_iPad = "UIInterfaceOrientationPortrait UIInterfaceOrientationPortraitUpsideDown UIInterfaceOrientationLandscapeLeft UIInterfaceOrientationLandscapeRight";
				INFOPLIST_KEY_UISupportedInterfaceOrientations_iPhone = "UIInterfaceOrientationPortrait UIInterfaceOrientationLandscapeLeft UIInterfaceOrientationLandscapeRight";
				LD_RUNPATH_SEARCH_PATHS = (
					"$(inherited)",
					"@executable_path/Frameworks",
				);
				MARKETING_VERSION = 1.0;
				PRODUCT_BUNDLE_IDENTIFIER = com.example.Niramaya;
				PRODUCT_NAME = "$(TARGET_NAME)";
				SWIFT_EMIT_LOC_STRINGS = YES;
				SWIFT_VERSION = 5.0;
				TARGETED_DEVICE_FAMILY = "1,2";
			};
			name = Release;
		};
/* End XCBuildConfiguration section */

/* Begin XCConfigurationList section */
		39DF78442CEDB6BB004B8244 /* Build configuration list for PBXProject "Niramaya" */ = {
			isa = XCConfigurationList;
			buildConfigurations = (
				39DF785B2CEDB6BE004B8244 /* Debug */,
				39DF785C2CEDB6BE004B8244 /* Release */,
			);
			defaultConfigurationIsVisible = 0;
			defaultConfigurationName = Release;
		};
		39DF785D2CEDB6BE004B8244 /* Build configuration list for PBXNativeTarget "Niramaya" */ = {
			isa = XCConfigurationList;
			buildConfigurations = (
				39DF785E2CEDB6BE004B8244 /* Debug */,
				39DF785F2CEDB6BE004B8244 /* Release */,
			);
			defaultConfigurationIsVisible = 0;
			defaultConfigurationName = Release;
		};
/* End XCConfigurationList section */
	};
	rootObject = 39DF78412CEDB6BB004B8244 /* Project object */;
}
